
Microsoft Visual Studio Solution File, Format Version 12.00
# Visual Studio Version 17
VisualStudioVersion = 17.11.35219.272
MinimumVisualStudioVersion = 10.0.40219.1
Project("{FAE04EC0-301F-11D3-BF4B-00C04F79EFBC}") = "UsersProfileBDNR", "UsersProfileBDNR.csproj", "{AA1F05DC-F3CE-4D3F-9588-BFEDD3B33E31}"
EndProject
Project("{FAE04EC0-301F-11D3-BF4B-00C04F79EFBC}") = "Dominio", "..\Dominio\Dominio.csproj", "{7D794D76-8CF8-4455-97CF-E50761CD9815}"
EndProject
Global
	GlobalSection(SolutionConfigurationPlatforms) = preSolution
		Debug|Any CPU = Debug|Any CPU
		Release|Any CPU = Release|Any CPU
	EndGlobalSection
	GlobalSection(ProjectConfigurationPlatforms) = postSolution
		{AA1F05DC-F3CE-4D3F-9588-BFEDD3B33E31}.Debug|Any CPU.ActiveCfg = Debug|Any CPU
		{AA1F05DC-F3CE-4D3F-9588-BFEDD3B33E31}.Debug|Any CPU.Build.0 = Debug|Any CPU
		{AA1F05DC-F3CE-4D3F-9588-BFEDD3B33E31}.Release|Any CPU.ActiveCfg = Release|Any CPU
		{AA1F05DC-F3CE-4D3F-9588-BFEDD3B33E31}.Release|Any CPU.Build.0 = Release|Any CPU
		{7D794D76-8CF8-4455-97CF-E50761CD9815}.Debug|Any CPU.ActiveCfg = Debug|Any CPU
		{7D794D76-8CF8-4455-97CF-E50761CD9815}.Debug|Any CPU.Build.0 = Debug|Any CPU
		{7D794D76-8CF8-4455-97CF-E50761CD9815}.Release|Any CPU.ActiveCfg = Release|Any CPU
		{7D794D76-8CF8-4455-97CF-E50761CD9815}.Release|Any CPU.Build.0 = Release|Any CPU
	EndGlobalSection
	GlobalSection(SolutionProperties) = preSolution
		HideSolutionNode = FALSE
	EndGlobalSection
	GlobalSection(ExtensibilityGlobals) = postSolution
		SolutionGuid = {506990EE-DD73-4B8F-80FA-07F7904F8F4A}
	EndGlobalSection
EndGlobal
