
Microsoft Visual Studio Solution File, Format Version 12.00
# Visual Studio Version 17
VisualStudioVersion = 17.11.35219.272
MinimumVisualStudioVersion = 10.0.40219.1
Project("{2150E333-8FDC-42A3-9474-1A3956D46DE8}") = "Elementos de la solución", "Elementos de la solución", "{52F8BFAD-C756-4C48-BDB9-573B2827D310}"
	ProjectSection(SolutionItems) = preProject
		UsersProfileBDNR\UsersProfileBDNR.csproj = UsersProfileBDNR\UsersProfileBDNR.csproj
	EndProjectSection
EndProject
Project("{9A19103F-16F7-4668-BE54-9A1E7A4F7556}") = "UsersProfileBDNR", "UsersProfileBDNR\UsersProfileBDNR.csproj", "{27044BED-2476-4784-9040-AD40F830C551}"
EndProject
Project("{9A19103F-16F7-4668-BE54-9A1E7A4F7556}") = "Dominio", "Dominio\Dominio.csproj", "{88C18153-5FD0-4831-9BD0-EED382B7BAFE}"
EndProject
Global
	GlobalSection(SolutionConfigurationPlatforms) = preSolution
		Debug|Any CPU = Debug|Any CPU
		Release|Any CPU = Release|Any CPU
	EndGlobalSection
	GlobalSection(ProjectConfigurationPlatforms) = postSolution
		{27044BED-2476-4784-9040-AD40F830C551}.Debug|Any CPU.ActiveCfg = Debug|Any CPU
		{27044BED-2476-4784-9040-AD40F830C551}.Debug|Any CPU.Build.0 = Debug|Any CPU
		{27044BED-2476-4784-9040-AD40F830C551}.Release|Any CPU.ActiveCfg = Release|Any CPU
		{27044BED-2476-4784-9040-AD40F830C551}.Release|Any CPU.Build.0 = Release|Any CPU
		{88C18153-5FD0-4831-9BD0-EED382B7BAFE}.Debug|Any CPU.ActiveCfg = Debug|Any CPU
		{88C18153-5FD0-4831-9BD0-EED382B7BAFE}.Debug|Any CPU.Build.0 = Debug|Any CPU
		{88C18153-5FD0-4831-9BD0-EED382B7BAFE}.Release|Any CPU.ActiveCfg = Release|Any CPU
		{88C18153-5FD0-4831-9BD0-EED382B7BAFE}.Release|Any CPU.Build.0 = Release|Any CPU
	EndGlobalSection
	GlobalSection(SolutionProperties) = preSolution
		HideSolutionNode = FALSE
	EndGlobalSection
	GlobalSection(ExtensibilityGlobals) = postSolution
		SolutionGuid = {506990EE-DD73-4B8F-80FA-07F7904F8F4A}
	EndGlobalSection
EndGlobal
